{
  "version": 4,
  "terraform_version": "1.1.7",
  "serial": 145,
  "lineage": "4b107412-0093-7365-ffcd-51e3d4e1aa06",
  "outputs": {
    "demo_instance_public_ip": {
      "value": "",
      "type": "string"
    },
    "mysql_fqdn": {
      "value": "demo-mysql-instance.mysql.database.azure.com",
      "type": "string"
    }
  },
  "resources": [
    {
      "mode": "managed",
      "type": "azurerm_lb",
      "name": "lb",
      "provider": "provider[\"registry.terraform.io/hashicorp/azurerm\"]",
      "instances": [
        {
          "schema_version": 0,
          "attributes": {
            "edge_zone": "",
            "frontend_ip_configuration": [
              {
                "gateway_load_balancer_frontend_ip_configuration_id": "",
                "id": "/subscriptions/a2078f8e-9ee5-4d97-b945-6f61b7e9f8e8/resourceGroups/first-azurerm_resource_group/providers/Microsoft.Network/loadBalancers/demo-vm-lb/frontendIPConfigurations/PublicIPAddress",
                "inbound_nat_rules": [],
                "load_balancer_rules": [],
                "name": "PublicIPAddress",
                "outbound_rules": [],
                "private_ip_address": "",
                "private_ip_address_allocation": "Dynamic",
                "private_ip_address_version": "",
                "public_ip_address_id": "/subscriptions/a2078f8e-9ee5-4d97-b945-6f61b7e9f8e8/resourceGroups/first-azurerm_resource_group/providers/Microsoft.Network/publicIPAddresses/demo-public-ip-1",
                "public_ip_prefix_id": "",
                "subnet_id": "",
                "zones": []
              }
            ],
            "id": "/subscriptions/a2078f8e-9ee5-4d97-b945-6f61b7e9f8e8/resourceGroups/first-azurerm_resource_group/providers/Microsoft.Network/loadBalancers/demo-vm-lb",
            "location": "southeastasia",
            "name": "demo-vm-lb",
            "private_ip_address": "",
            "private_ip_addresses": [],
            "resource_group_name": "first-azurerm_resource_group",
            "sku": "Basic",
            "sku_tier": "Regional",
            "tags": {},
            "timeouts": null
          },
          "sensitive_attributes": [],
          "private": "eyJlMmJmYjczMC1lY2FhLTExZTYtOGY4OC0zNDM2M2JjN2M0YzAiOnsiY3JlYXRlIjoxODAwMDAwMDAwMDAwLCJkZWxldGUiOjE4MDAwMDAwMDAwMDAsInJlYWQiOjMwMDAwMDAwMDAwMCwidXBkYXRlIjoxODAwMDAwMDAwMDAwfX0=",
          "dependencies": [
            "azurerm_public_ip.public_ip_demo",
            "azurerm_resource_group.demo_resource_group"
          ]
        }
      ]
    },
    {
      "mode": "managed",
      "type": "azurerm_lb_backend_address_pool",
      "name": "bpepool",
      "provider": "provider[\"registry.terraform.io/hashicorp/azurerm\"]",
      "instances": [
        {
          "schema_version": 0,
          "attributes": {
            "backend_ip_configurations": [],
            "id": "/subscriptions/a2078f8e-9ee5-4d97-b945-6f61b7e9f8e8/resourceGroups/first-azurerm_resource_group/providers/Microsoft.Network/loadBalancers/demo-vm-lb/backendAddressPools/demo-vm-BackEndAddressPool",
            "load_balancing_rules": [],
            "loadbalancer_id": "/subscriptions/a2078f8e-9ee5-4d97-b945-6f61b7e9f8e8/resourceGroups/first-azurerm_resource_group/providers/Microsoft.Network/loadBalancers/demo-vm-lb",
            "name": "demo-vm-BackEndAddressPool",
            "outbound_rules": [],
            "timeouts": null,
            "tunnel_interface": []
          },
          "sensitive_attributes": [],
          "private": "eyJlMmJmYjczMC1lY2FhLTExZTYtOGY4OC0zNDM2M2JjN2M0YzAiOnsiY3JlYXRlIjoxODAwMDAwMDAwMDAwLCJkZWxldGUiOjE4MDAwMDAwMDAwMDAsInJlYWQiOjMwMDAwMDAwMDAwMCwidXBkYXRlIjoxODAwMDAwMDAwMDAwfX0=",
          "dependencies": [
            "azurerm_lb.lb",
            "azurerm_public_ip.public_ip_demo",
            "azurerm_resource_group.demo_resource_group"
          ]
        }
      ]
    },
    {
      "mode": "managed",
      "type": "azurerm_lb_nat_pool",
      "name": "lbnatpool",
      "provider": "provider[\"registry.terraform.io/hashicorp/azurerm\"]",
      "instances": [
        {
          "schema_version": 0,
          "attributes": {
            "backend_port": 22,
            "floating_ip_enabled": false,
            "frontend_ip_configuration_id": "/subscriptions/a2078f8e-9ee5-4d97-b945-6f61b7e9f8e8/resourceGroups/first-azurerm_resource_group/providers/Microsoft.Network/loadBalancers/demo-vm-lb/frontendIPConfigurations/PublicIPAddress",
            "frontend_ip_configuration_name": "PublicIPAddress",
            "frontend_port_end": 50119,
            "frontend_port_start": 50000,
            "id": "/subscriptions/a2078f8e-9ee5-4d97-b945-6f61b7e9f8e8/resourceGroups/first-azurerm_resource_group/providers/Microsoft.Network/loadBalancers/demo-vm-lb/inboundNatPools/demo-vm-ssh",
            "idle_timeout_in_minutes": 4,
            "loadbalancer_id": "/subscriptions/a2078f8e-9ee5-4d97-b945-6f61b7e9f8e8/resourceGroups/first-azurerm_resource_group/providers/Microsoft.Network/loadBalancers/demo-vm-lb",
            "name": "demo-vm-ssh",
            "protocol": "Tcp",
            "resource_group_name": "first-azurerm_resource_group",
            "tcp_reset_enabled": false,
            "timeouts": null
          },
          "sensitive_attributes": [],
          "private": "eyJlMmJmYjczMC1lY2FhLTExZTYtOGY4OC0zNDM2M2JjN2M0YzAiOnsiY3JlYXRlIjoxODAwMDAwMDAwMDAwLCJkZWxldGUiOjE4MDAwMDAwMDAwMDAsInJlYWQiOjMwMDAwMDAwMDAwMCwidXBkYXRlIjoxODAwMDAwMDAwMDAwfX0=",
          "dependencies": [
            "azurerm_lb.lb",
            "azurerm_public_ip.public_ip_demo",
            "azurerm_resource_group.demo_resource_group"
          ]
        }
      ]
    },
    {
      "mode": "managed",
      "type": "azurerm_lb_probe",
      "name": "lb_probe",
      "provider": "provider[\"registry.terraform.io/hashicorp/azurerm\"]",
      "instances": [
        {
          "schema_version": 0,
          "attributes": {
            "id": "/subscriptions/a2078f8e-9ee5-4d97-b945-6f61b7e9f8e8/resourceGroups/first-azurerm_resource_group/providers/Microsoft.Network/loadBalancers/demo-vm-lb/probes/demo-vm-http-probe",
            "interval_in_seconds": 15,
            "load_balancer_rules": [],
            "loadbalancer_id": "/subscriptions/a2078f8e-9ee5-4d97-b945-6f61b7e9f8e8/resourceGroups/first-azurerm_resource_group/providers/Microsoft.Network/loadBalancers/demo-vm-lb",
            "name": "demo-vm-http-probe",
            "number_of_probes": 2,
            "port": 80,
            "protocol": "Http",
            "request_path": "/",
            "timeouts": null
          },
          "sensitive_attributes": [],
          "private": "eyJlMmJmYjczMC1lY2FhLTExZTYtOGY4OC0zNDM2M2JjN2M0YzAiOnsiY3JlYXRlIjoxODAwMDAwMDAwMDAwLCJkZWxldGUiOjE4MDAwMDAwMDAwMDAsInJlYWQiOjMwMDAwMDAwMDAwMCwidXBkYXRlIjoxODAwMDAwMDAwMDAwfX0=",
          "dependencies": [
            "azurerm_lb.lb",
            "azurerm_public_ip.public_ip_demo",
            "azurerm_resource_group.demo_resource_group"
          ]
        }
      ]
    },
    {
      "mode": "managed",
      "type": "azurerm_mysql_database",
      "name": "demo_db",
      "provider": "provider[\"registry.terraform.io/hashicorp/azurerm\"]",
      "instances": [
        {
          "schema_version": 0,
          "attributes": {
            "charset": "utf8",
            "collation": "utf8_unicode_ci",
            "id": "/subscriptions/a2078f8e-9ee5-4d97-b945-6f61b7e9f8e8/resourceGroups/first-azurerm_resource_group/providers/Microsoft.DBforMySQL/servers/demo-mysql-instance/databases/demo-db",
            "name": "demo-db",
            "resource_group_name": "first-azurerm_resource_group",
            "server_name": "demo-mysql-instance",
            "timeouts": null
          },
          "sensitive_attributes": [],
          "private": "eyJlMmJmYjczMC1lY2FhLTExZTYtOGY4OC0zNDM2M2JjN2M0YzAiOnsiY3JlYXRlIjozNjAwMDAwMDAwMDAwLCJkZWxldGUiOjM2MDAwMDAwMDAwMDAsInJlYWQiOjMwMDAwMDAwMDAwMCwidXBkYXRlIjozNjAwMDAwMDAwMDAwfX0=",
          "dependencies": [
            "azurerm_mysql_server.demo_mysql_server_instance",
            "azurerm_resource_group.demo_resource_group"
          ]
        }
      ]
    },
    {
      "mode": "managed",
      "type": "azurerm_mysql_firewall_rule",
      "name": "demo_mysql_allo_demo_instance",
      "provider": "provider[\"registry.terraform.io/hashicorp/azurerm\"]",
      "instances": []
    },
    {
      "mode": "managed",
      "type": "azurerm_mysql_server",
      "name": "demo_mysql_server_instance",
      "provider": "provider[\"registry.terraform.io/hashicorp/azurerm\"]",
      "instances": [
        {
          "schema_version": 0,
          "attributes": {
            "administrator_login": "mysqladmin",
            "administrator_login_password": "Pass@word1111",
            "auto_grow_enabled": true,
            "backup_retention_days": 7,
            "create_mode": "Default",
            "creation_source_server_id": null,
            "fqdn": "demo-mysql-instance.mysql.database.azure.com",
            "geo_redundant_backup_enabled": false,
            "id": "/subscriptions/a2078f8e-9ee5-4d97-b945-6f61b7e9f8e8/resourceGroups/first-azurerm_resource_group/providers/Microsoft.DBforMySQL/servers/demo-mysql-instance",
            "identity": [],
            "infrastructure_encryption_enabled": false,
            "location": "southeastasia",
            "name": "demo-mysql-instance",
            "public_network_access_enabled": true,
            "resource_group_name": "first-azurerm_resource_group",
            "restore_point_in_time": null,
            "sku_name": "GP_Gen5_2",
            "ssl_enforcement_enabled": true,
            "ssl_minimal_tls_version_enforced": "TLS1_2",
            "storage_mb": 5120,
            "tags": {},
            "threat_detection_policy": [],
            "timeouts": null,
            "version": "5.7"
          },
          "sensitive_attributes": [],
          "private": "eyJlMmJmYjczMC1lY2FhLTExZTYtOGY4OC0zNDM2M2JjN2M0YzAiOnsiY3JlYXRlIjozNjAwMDAwMDAwMDAwLCJkZWxldGUiOjM2MDAwMDAwMDAwMDAsInJlYWQiOjMwMDAwMDAwMDAwMCwidXBkYXRlIjozNjAwMDAwMDAwMDAwfX0=",
          "dependencies": [
            "azurerm_resource_group.demo_resource_group"
          ]
        }
      ]
    },
    {
      "mode": "managed",
      "type": "azurerm_mysql_virtual_network_rule",
      "name": "demo_mysql_db_subnet_vnet_rule",
      "provider": "provider[\"registry.terraform.io/hashicorp/azurerm\"]",
      "instances": []
    },
    {
      "mode": "managed",
      "type": "azurerm_mysql_virtual_network_rule",
      "name": "demo_mysql_subnet_vnet_rule",
      "provider": "provider[\"registry.terraform.io/hashicorp/azurerm\"]",
      "instances": []
    },
    {
      "mode": "managed",
      "type": "azurerm_network_interface",
      "name": "demo_network_interface",
      "provider": "provider[\"registry.terraform.io/hashicorp/azurerm\"]",
      "instances": []
    },
    {
      "mode": "managed",
      "type": "azurerm_network_security_group",
      "name": "allow-ssh",
      "provider": "provider[\"registry.terraform.io/hashicorp/azurerm\"]",
      "instances": [
        {
          "schema_version": 0,
          "attributes": {
            "id": "/subscriptions/a2078f8e-9ee5-4d97-b945-6f61b7e9f8e8/resourceGroups/first-azurerm_resource_group/providers/Microsoft.Network/networkSecurityGroups/demo-allow-ssh",
            "location": "southeastasia",
            "name": "demo-allow-ssh",
            "resource_group_name": "first-azurerm_resource_group",
            "security_rule": [
              {
                "access": "Allow",
                "description": "",
                "destination_address_prefix": "*",
                "destination_address_prefixes": [],
                "destination_application_security_group_ids": [],
                "destination_port_range": "22",
                "destination_port_ranges": [],
                "direction": "Inbound",
                "name": "SSH",
                "priority": 1002,
                "protocol": "Tcp",
                "source_address_prefix": "*",
                "source_address_prefixes": [],
                "source_application_security_group_ids": [],
                "source_port_range": "*",
                "source_port_ranges": []
              },
              {
                "access": "Allow",
                "description": "",
                "destination_address_prefix": "*",
                "destination_address_prefixes": [],
                "destination_application_security_group_ids": [],
                "destination_port_range": "80",
                "destination_port_ranges": [],
                "direction": "Inbound",
                "name": "HTTP",
                "priority": 1001,
                "protocol": "Tcp",
                "source_address_prefix": "*",
                "source_address_prefixes": [],
                "source_application_security_group_ids": [],
                "source_port_range": "*",
                "source_port_ranges": []
              }
            ],
            "tags": {},
            "timeouts": null
          },
          "sensitive_attributes": [],
          "private": "eyJlMmJmYjczMC1lY2FhLTExZTYtOGY4OC0zNDM2M2JjN2M0YzAiOnsiY3JlYXRlIjoxODAwMDAwMDAwMDAwLCJkZWxldGUiOjE4MDAwMDAwMDAwMDAsInJlYWQiOjMwMDAwMDAwMDAwMCwidXBkYXRlIjoxODAwMDAwMDAwMDAwfX0=",
          "dependencies": [
            "azurerm_resource_group.demo_resource_group"
          ]
        }
      ]
    },
    {
      "mode": "managed",
      "type": "azurerm_public_ip",
      "name": "public_ip_demo",
      "provider": "provider[\"registry.terraform.io/hashicorp/azurerm\"]",
      "instances": [
        {
          "schema_version": 0,
          "attributes": {
            "allocation_method": "Dynamic",
            "domain_name_label": null,
            "edge_zone": "",
            "fqdn": null,
            "id": "/subscriptions/a2078f8e-9ee5-4d97-b945-6f61b7e9f8e8/resourceGroups/first-azurerm_resource_group/providers/Microsoft.Network/publicIPAddresses/demo-public-ip-1",
            "idle_timeout_in_minutes": 4,
            "ip_address": "",
            "ip_tags": {},
            "ip_version": "IPv4",
            "location": "southeastasia",
            "name": "demo-public-ip-1",
            "public_ip_prefix_id": null,
            "resource_group_name": "first-azurerm_resource_group",
            "reverse_fqdn": null,
            "sku": "Basic",
            "sku_tier": "Regional",
            "tags": {},
            "timeouts": null,
            "zones": []
          },
          "sensitive_attributes": [],
          "private": "eyJlMmJmYjczMC1lY2FhLTExZTYtOGY4OC0zNDM2M2JjN2M0YzAiOnsiY3JlYXRlIjoxODAwMDAwMDAwMDAwLCJkZWxldGUiOjE4MDAwMDAwMDAwMDAsInJlYWQiOjMwMDAwMDAwMDAwMCwidXBkYXRlIjoxODAwMDAwMDAwMDAwfX0=",
          "dependencies": [
            "azurerm_resource_group.demo_resource_group"
          ]
        }
      ]
    },
    {
      "mode": "managed",
      "type": "azurerm_resource_group",
      "name": "demo_resource_group",
      "provider": "provider[\"registry.terraform.io/hashicorp/azurerm\"]",
      "instances": [
        {
          "schema_version": 0,
          "attributes": {
            "id": "/subscriptions/a2078f8e-9ee5-4d97-b945-6f61b7e9f8e8/resourceGroups/first-azurerm_resource_group",
            "location": "southeastasia",
            "name": "first-azurerm_resource_group",
            "tags": {},
            "timeouts": null
          },
          "sensitive_attributes": [],
          "private": "eyJlMmJmYjczMC1lY2FhLTExZTYtOGY4OC0zNDM2M2JjN2M0YzAiOnsiY3JlYXRlIjo1NDAwMDAwMDAwMDAwLCJkZWxldGUiOjU0MDAwMDAwMDAwMDAsInJlYWQiOjMwMDAwMDAwMDAwMCwidXBkYXRlIjo1NDAwMDAwMDAwMDAwfX0="
        }
      ]
    },
    {
      "mode": "managed",
      "type": "azurerm_virtual_machine",
      "name": "demo-vm-instance",
      "provider": "provider[\"registry.terraform.io/hashicorp/azurerm\"]",
      "instances": []
    },
    {
      "mode": "managed",
      "type": "azurerm_virtual_machine_scale_set",
      "name": "scale_set",
      "provider": "provider[\"registry.terraform.io/hashicorp/azurerm\"]",
      "instances": []
    },
    {
      "mode": "managed",
      "type": "azurerm_virtual_network",
      "name": "demo_virtual_network",
      "provider": "provider[\"registry.terraform.io/hashicorp/azurerm\"]",
      "instances": [
        {
          "schema_version": 0,
          "attributes": {
            "address_space": [
              "10.10.0.0/24"
            ],
            "bgp_community": "",
            "ddos_protection_plan": [],
            "dns_servers": [],
            "edge_zone": "",
            "flow_timeout_in_minutes": 0,
            "guid": "2b6a0f5c-233a-4491-91f6-bb8cf250c6d5",
            "id": "/subscriptions/a2078f8e-9ee5-4d97-b945-6f61b7e9f8e8/resourceGroups/first-azurerm_resource_group/providers/Microsoft.Network/virtualNetworks/demo-virtual-network",
            "location": "southeastasia",
            "name": "demo-virtual-network",
            "resource_group_name": "first-azurerm_resource_group",
            "subnet": [],
            "tags": {},
            "timeouts": null
          },
          "sensitive_attributes": [],
          "private": "eyJlMmJmYjczMC1lY2FhLTExZTYtOGY4OC0zNDM2M2JjN2M0YzAiOnsiY3JlYXRlIjoxODAwMDAwMDAwMDAwLCJkZWxldGUiOjE4MDAwMDAwMDAwMDAsInJlYWQiOjMwMDAwMDAwMDAwMCwidXBkYXRlIjoxODAwMDAwMDAwMDAwfX0=",
          "dependencies": [
            "azurerm_resource_group.demo_resource_group"
          ]
        }
      ]
    }
  ]
}
